
Microsoft Visual Studio Solution File, Format Version 12.00
# Visual Studio Version 16
VisualStudioVersion = 16.0.30907.101
MinimumVisualStudioVersion = 10.0.40219.1
Project("{FAE04EC0-301F-11D3-BF4B-00C04F79EFBC}") = "Business", "Business\Business.csproj", "{5B51DAB1-B269-4F9B-8B36-285A6DD09724}"
EndProject
Project("{FAE04EC0-301F-11D3-BF4B-00C04F79EFBC}") = "DataAccess", "DataAccess\DataAccess.csproj", "{5ADC2547-8C30-4A5B-AFE4-62FF561ABD6F}"
EndProject
Project("{FAE04EC0-301F-11D3-BF4B-00C04F79EFBC}") = "Entity", "Entity\Entity.csproj", "{8905149A-6B82-47B6-AC61-B000AB896148}"
EndProject
Project("{FAE04EC0-301F-11D3-BF4B-00C04F79EFBC}") = "ConsoleUI", "ConsoleUI\ConsoleUI.csproj", "{6F0E7B81-FF43-487C-8D63-DCB39539589A}"
EndProject
Global
	GlobalSection(SolutionConfigurationPlatforms) = preSolution
		Debug|Any CPU = Debug|Any CPU
		Release|Any CPU = Release|Any CPU
	EndGlobalSection
	GlobalSection(ProjectConfigurationPlatforms) = postSolution
		{5B51DAB1-B269-4F9B-8B36-285A6DD09724}.Debug|Any CPU.ActiveCfg = Debug|Any CPU
		{5B51DAB1-B269-4F9B-8B36-285A6DD09724}.Debug|Any CPU.Build.0 = Debug|Any CPU
		{5B51DAB1-B269-4F9B-8B36-285A6DD09724}.Release|Any CPU.ActiveCfg = Release|Any CPU
		{5B51DAB1-B269-4F9B-8B36-285A6DD09724}.Release|Any CPU.Build.0 = Release|Any CPU
		{5ADC2547-8C30-4A5B-AFE4-62FF561ABD6F}.Debug|Any CPU.ActiveCfg = Debug|Any CPU
		{5ADC2547-8C30-4A5B-AFE4-62FF561ABD6F}.Debug|Any CPU.Build.0 = Debug|Any CPU
		{5ADC2547-8C30-4A5B-AFE4-62FF561ABD6F}.Release|Any CPU.ActiveCfg = Release|Any CPU
		{5ADC2547-8C30-4A5B-AFE4-62FF561ABD6F}.Release|Any CPU.Build.0 = Release|Any CPU
		{8905149A-6B82-47B6-AC61-B000AB896148}.Debug|Any CPU.ActiveCfg = Debug|Any CPU
		{8905149A-6B82-47B6-AC61-B000AB896148}.Debug|Any CPU.Build.0 = Debug|Any CPU
		{8905149A-6B82-47B6-AC61-B000AB896148}.Release|Any CPU.ActiveCfg = Release|Any CPU
		{8905149A-6B82-47B6-AC61-B000AB896148}.Release|Any CPU.Build.0 = Release|Any CPU
		{6F0E7B81-FF43-487C-8D63-DCB39539589A}.Debug|Any CPU.ActiveCfg = Debug|Any CPU
		{6F0E7B81-FF43-487C-8D63-DCB39539589A}.Debug|Any CPU.Build.0 = Debug|Any CPU
		{6F0E7B81-FF43-487C-8D63-DCB39539589A}.Release|Any CPU.ActiveCfg = Release|Any CPU
		{6F0E7B81-FF43-487C-8D63-DCB39539589A}.Release|Any CPU.Build.0 = Release|Any CPU
	EndGlobalSection
	GlobalSection(SolutionProperties) = preSolution
		HideSolutionNode = FALSE
	EndGlobalSection
	GlobalSection(ExtensibilityGlobals) = postSolution
		SolutionGuid = {76E76B7C-5184-48EA-9B6A-5CB82811E4F6}
	EndGlobalSection
EndGlobal
